
Microsoft Visual Studio Solution File, Format Version 12.00
# Visual Studio Version 16
VisualStudioVersion = 16.0.30523.141
MinimumVisualStudioVersion = 10.0.40219.1
Project("{FAE04EC0-301F-11D3-BF4B-00C04F79EFBC}") = "Cobalt", "Cobalt\Cobalt.csproj", "{9811052C-435D-4CE6-B2D2-085CAC09A7EE}"
EndProject
Project("{2150E333-8FDC-42A3-9474-1A3956D46DE8}") = "Tools", "Tools", "{5CCE5897-E9A8-402F-9E01-6FE74A839C6B}"
EndProject
Project("{FAE04EC0-301F-11D3-BF4B-00C04F79EFBC}") = "Cobalt.Console", "Cobalt.Console\Cobalt.Console.csproj", "{797EF938-C7A6-4F44-A93D-3A48F91D3E10}"
EndProject
Global
	GlobalSection(SolutionConfigurationPlatforms) = preSolution
		Debug|Any CPU = Debug|Any CPU
		Release|Any CPU = Release|Any CPU
	EndGlobalSection
	GlobalSection(ProjectConfigurationPlatforms) = postSolution
		{9811052C-435D-4CE6-B2D2-085CAC09A7EE}.Debug|Any CPU.ActiveCfg = Debug|Any CPU
		{9811052C-435D-4CE6-B2D2-085CAC09A7EE}.Debug|Any CPU.Build.0 = Debug|Any CPU
		{9811052C-435D-4CE6-B2D2-085CAC09A7EE}.Release|Any CPU.ActiveCfg = Release|Any CPU
		{9811052C-435D-4CE6-B2D2-085CAC09A7EE}.Release|Any CPU.Build.0 = Release|Any CPU
		{797EF938-C7A6-4F44-A93D-3A48F91D3E10}.Debug|Any CPU.ActiveCfg = Debug|Any CPU
		{797EF938-C7A6-4F44-A93D-3A48F91D3E10}.Debug|Any CPU.Build.0 = Debug|Any CPU
		{797EF938-C7A6-4F44-A93D-3A48F91D3E10}.Release|Any CPU.ActiveCfg = Release|Any CPU
		{797EF938-C7A6-4F44-A93D-3A48F91D3E10}.Release|Any CPU.Build.0 = Release|Any CPU
	EndGlobalSection
	GlobalSection(SolutionProperties) = preSolution
		HideSolutionNode = FALSE
	EndGlobalSection
	GlobalSection(ExtensibilityGlobals) = postSolution
		SolutionGuid = {56EABBC8-6F27-4D5B-8702-CC25FDBBE6C4}
	EndGlobalSection
	GlobalSection(NestedProjects) = preSolution
		{797EF938-C7A6-4F44-A93D-3A48F91D3E10} = {5CCE5897-E9A8-402F-9E01-6FE74A839C6B}
	EndGlobalSection
EndGlobal
